
Microsoft Visual Studio Solution File, Format Version 11.00
# Visual Studio 2010
Project("{FAE04EC0-301F-11D3-BF4B-00C04F79EFBC}") = "WindowsFormsApplication1", "WindowsFormsApplication1\WindowsFormsApplication1.csproj", "{FAA3F2EA-3A7B-4265-805C-3CD98298A86A}"
EndProject
Global
	GlobalSection(SolutionConfigurationPlatforms) = preSolution
		Debug|x86 = Debug|x86
		Release|x86 = Release|x86
	EndGlobalSection
	GlobalSection(ProjectConfigurationPlatforms) = postSolution
		{FAA3F2EA-3A7B-4265-805C-3CD98298A86A}.Debug|x86.ActiveCfg = Debug|x86
		{FAA3F2EA-3A7B-4265-805C-3CD98298A86A}.Debug|x86.Build.0 = Debug|x86
		{FAA3F2EA-3A7B-4265-805C-3CD98298A86A}.Release|x86.ActiveCfg = Release|x86
		{FAA3F2EA-3A7B-4265-805C-3CD98298A86A}.Release|x86.Build.0 = Release|x86
	EndGlobalSection
	GlobalSection(SolutionProperties) = preSolution
		HideSolutionNode = FALSE
	EndGlobalSection
EndGlobal
